NeoBundleLock AnsiEsc.vim 9bed919c5163e225073d0b9c1d4e71a5d91d3071
NeoBundleLock caw.vim 9a52df9f8b381276e732cf1394e6bd07fc083a56
NeoBundleLock neobundle.vim f6db43267e86dde837c75d7ff202fea948848a11
NeoBundleLock neocomplete 1977757ec425408d5dc1dfaa9c0ccb67a5c437bb
NeoBundleLock neomru.vim 9bed919c5163e225073d0b9c1d4e71a5d91d3071
NeoBundleLock tcomment_vim 9bed919c5163e225073d0b9c1d4e71a5d91d3071
NeoBundleLock unite.vim 9bed919c5163e225073d0b9c1d4e71a5d91d3071
NeoBundleLock vim-indent-guides 49bde6fa30648345ffabfe55b3a095a293568a2e
NeoBundleLock vim-trailing-whitespace 9bed919c5163e225073d0b9c1d4e71a5d91d3071
