NeoBundleLock AnsiEsc.vim d2bb7878622e4c16203acf1c92a0f4bc7ac58003
NeoBundleLock neobundle.vim e4e6766e7bbcac9b7048ee247f02af9020b9df29
NeoBundleLock neomru.vim 7df9999b841228661ff73909c5b9e34952331e22
NeoBundleLock tcomment_vim eb675f0a2e847428c446e97c07e0c91fa8b6e3c5
NeoBundleLock unite.vim be014810a7a54b41a53e134404f2605f62a246f1
NeoBundleLock vim-trailing-whitespace d4ad27de051848e544e360482bdf076b154de0c1
